
Microsoft Visual Studio Solution File, Format Version 12.00
# Visual Studio Version 17
VisualStudioVersion = 17.0.31903.59
MinimumVisualStudioVersion = 10.0.40219.1
Project("{FAE04EC0-301F-11D3-BF4B-00C04F79EFBC}") = "UnitTests", "UnitTests\UnitTests.csproj", "{30D77FDC-C787-4178-A737-79F651D49D14}"
EndProject
Project("{FAE04EC0-301F-11D3-BF4B-00C04F79EFBC}") = "BearAndSteadyGene", "BearAndSteadyGene\BearAndSteadyGene.csproj", "{DEB653A6-BBD3-4CB2-B006-E6AF7E2CA5CA}"
EndProject
Project("{FAE04EC0-301F-11D3-BF4B-00C04F79EFBC}") = "BinaryGap", "BinaryGap\BinaryGap.csproj", "{8CB05813-A838-41BA-96AD-140FD64A335F}"
EndProject
Project("{FAE04EC0-301F-11D3-BF4B-00C04F79EFBC}") = "RecentlyUsedList", "RecentlyUsedList\RecentlyUsedList.csproj", "{C7722D02-6BD6-4819-A315-D75008BD908C}"
EndProject
Project("{2150E333-8FDC-42A3-9474-1A3956D46DE8}") = "Solution Items", "Solution Items", "{D9AA68F0-2907-40D0-AE68-5C571DD2B2E1}"
	ProjectSection(SolutionItems) = preProject
		.gitattributes = .gitattributes
		.gitignore = .gitignore
	EndProjectSection
EndProject
Global
	GlobalSection(SolutionConfigurationPlatforms) = preSolution
		Debug|Any CPU = Debug|Any CPU
		Release|Any CPU = Release|Any CPU
	EndGlobalSection
	GlobalSection(ProjectConfigurationPlatforms) = postSolution
		{30D77FDC-C787-4178-A737-79F651D49D14}.Debug|Any CPU.ActiveCfg = Debug|Any CPU
		{30D77FDC-C787-4178-A737-79F651D49D14}.Debug|Any CPU.Build.0 = Debug|Any CPU
		{30D77FDC-C787-4178-A737-79F651D49D14}.Release|Any CPU.ActiveCfg = Release|Any CPU
		{30D77FDC-C787-4178-A737-79F651D49D14}.Release|Any CPU.Build.0 = Release|Any CPU
		{DEB653A6-BBD3-4CB2-B006-E6AF7E2CA5CA}.Debug|Any CPU.ActiveCfg = Debug|Any CPU
		{DEB653A6-BBD3-4CB2-B006-E6AF7E2CA5CA}.Debug|Any CPU.Build.0 = Debug|Any CPU
		{DEB653A6-BBD3-4CB2-B006-E6AF7E2CA5CA}.Release|Any CPU.ActiveCfg = Release|Any CPU
		{DEB653A6-BBD3-4CB2-B006-E6AF7E2CA5CA}.Release|Any CPU.Build.0 = Release|Any CPU
		{8CB05813-A838-41BA-96AD-140FD64A335F}.Debug|Any CPU.ActiveCfg = Debug|Any CPU
		{8CB05813-A838-41BA-96AD-140FD64A335F}.Debug|Any CPU.Build.0 = Debug|Any CPU
		{8CB05813-A838-41BA-96AD-140FD64A335F}.Release|Any CPU.ActiveCfg = Release|Any CPU
		{8CB05813-A838-41BA-96AD-140FD64A335F}.Release|Any CPU.Build.0 = Release|Any CPU
		{C7722D02-6BD6-4819-A315-D75008BD908C}.Debug|Any CPU.ActiveCfg = Debug|Any CPU
		{C7722D02-6BD6-4819-A315-D75008BD908C}.Debug|Any CPU.Build.0 = Debug|Any CPU
		{C7722D02-6BD6-4819-A315-D75008BD908C}.Release|Any CPU.ActiveCfg = Release|Any CPU
		{C7722D02-6BD6-4819-A315-D75008BD908C}.Release|Any CPU.Build.0 = Release|Any CPU
	EndGlobalSection
	GlobalSection(SolutionProperties) = preSolution
		HideSolutionNode = FALSE
	EndGlobalSection
EndGlobal
